
Microsoft Visual Studio Solution File, Format Version 12.00
# Visual Studio Version 17
VisualStudioVersion = 17.0.31903.59
MinimumVisualStudioVersion = 10.0.40219.1
Project("{FAE04EC0-301F-11D3-BF4B-00C04F79EFBC}") = "RMS.BuildingBlocks", "src\BuildingBlocks\RMS.BuildingBlocks.csproj", "{EF07B56C-4CCE-42A7-85AE-C8953F2EEEAA}"
EndProject
Project("{FAE04EC0-301F-11D3-BF4B-00C04F79EFBC}") = "RMS.Modules.Sales.Domain", "src\Modules\Sales\Domain\RMS.Modules.Sales.Domain.csproj", "{74FEBA60-49BE-4BD0-87B0-E249F4343DA4}"
EndProject
Project("{FAE04EC0-301F-11D3-BF4B-00C04F79EFBC}") = "RMS.Modules.Sales.Application", "src\Modules\Sales\Application\RMS.Modules.Sales.Application.csproj", "{0CE315A0-ED71-4E6C-BE75-589CF0586F91}"
EndProject
Project("{FAE04EC0-301F-11D3-BF4B-00C04F79EFBC}") = "RMS.Modules.Sales.Infrastructure", "src\Modules\Sales\Infrastructure\RMS.Modules.Sales.Infrastructure.csproj", "{BC498865-E1F1-4BE1-AFCC-E7FFB0301A1A}"
EndProject
Project("{FAE04EC0-301F-11D3-BF4B-00C04F79EFBC}") = "RMS.Modules.Inventory.Domain", "src\Modules\Inventory\Domain\RMS.Modules.Inventory.Domain.csproj", "{1B162066-74BD-4292-8A98-3833424CE076}"
EndProject
Project("{FAE04EC0-301F-11D3-BF4B-00C04F79EFBC}") = "RMS.Modules.Inventory.Application", "src\Modules\Inventory\Application\RMS.Modules.Inventory.Application.csproj", "{C34C939C-3D6C-4B8B-962D-48F40A2FC477}"
EndProject
Project("{FAE04EC0-301F-11D3-BF4B-00C04F79EFBC}") = "RMS.Modules.Inventory.Infrastructure", "src\Modules\Inventory\Infrastructure\RMS.Modules.Inventory.Infrastructure.csproj", "{F1D7AC65-5A11-4F44-84D8-F18F1EA440EB}"
EndProject
Project("{FAE04EC0-301F-11D3-BF4B-00C04F79EFBC}") = "RMS.Modules.Products.Domain", "src\Modules\Products\Domain\RMS.Modules.Products.Domain.csproj", "{A59F6C12-EECC-4529-812A-F02DF01CDC8B}"
EndProject
Project("{FAE04EC0-301F-11D3-BF4B-00C04F79EFBC}") = "RMS.Modules.Products.Application", "src\Modules\Products\Application\RMS.Modules.Products.Application.csproj", "{5E7085BC-EEAA-4D7B-806C-B9B3AA1BB458}"
EndProject
Project("{FAE04EC0-301F-11D3-BF4B-00C04F79EFBC}") = "RMS.Modules.Products.Infrastructure", "src\Modules\Products\Infrastructure\RMS.Modules.Products.Infrastructure.csproj", "{DBF71BBC-F501-4614-BFF1-C49A7BB66FEB}"
EndProject
Project("{FAE04EC0-301F-11D3-BF4B-00C04F79EFBC}") = "RMS.Modules.Customers.Domain", "src\Modules\Customers\Domain\RMS.Modules.Customers.Domain.csproj", "{0475EEEB-3B12-4E21-9A0A-F4D1BFBB5D0B}"
EndProject
Project("{FAE04EC0-301F-11D3-BF4B-00C04F79EFBC}") = "RMS.Modules.Customers.Application", "src\Modules\Customers\Application\RMS.Modules.Customers.Application.csproj", "{78C407A8-DADD-4426-8665-628C7140D434}"
EndProject
Project("{FAE04EC0-301F-11D3-BF4B-00C04F79EFBC}") = "RMS.Modules.Customers.Infrastructure", "src\Modules\Customers\Infrastructure\RMS.Modules.Customers.Infrastructure.csproj", "{A093F550-987E-4B8F-A5BD-2A8ECA5D47B2}"
EndProject
Project("{FAE04EC0-301F-11D3-BF4B-00C04F79EFBC}") = "RMS.Modules.Suppliers.Domain", "src\Modules\Suppliers\Domain\RMS.Modules.Suppliers.Domain.csproj", "{0EC2A207-70C2-4176-95E8-125DD27F1632}"
EndProject
Project("{FAE04EC0-301F-11D3-BF4B-00C04F79EFBC}") = "RMS.Modules.Suppliers.Application", "src\Modules\Suppliers\Application\RMS.Modules.Suppliers.Application.csproj", "{36FF7356-2F0F-436F-BF07-5D3FD2B2F722}"
EndProject
Project("{FAE04EC0-301F-11D3-BF4B-00C04F79EFBC}") = "RMS.Modules.Suppliers.Infrastructure", "src\Modules\Suppliers\Infrastructure\RMS.Modules.Suppliers.Infrastructure.csproj", "{3F2F728D-0E26-4D86-B30C-C68C6352D7D3}"
EndProject
Project("{FAE04EC0-301F-11D3-BF4B-00C04F79EFBC}") = "RMS.Modules.Identity.Domain", "src\Modules\Identity\Domain\RMS.Modules.Identity.Domain.csproj", "{210B3937-82DA-48E9-B172-E56C7EC1685C}"
EndProject
Project("{FAE04EC0-301F-11D3-BF4B-00C04F79EFBC}") = "RMS.Modules.Identity.Application", "src\Modules\Identity\Application\RMS.Modules.Identity.Application.csproj", "{BFA1B4A9-B584-465E-88AF-3654DF8A6F04}"
EndProject
Project("{FAE04EC0-301F-11D3-BF4B-00C04F79EFBC}") = "RMS.Modules.Identity.Infrastructure", "src\Modules\Identity\Infrastructure\RMS.Modules.Identity.Infrastructure.csproj", "{6B8FD9E4-DAED-4887-BCC3-7A5CB65C2C1D}"
EndProject
Project("{FAE04EC0-301F-11D3-BF4B-00C04F79EFBC}") = "RMS.Modules.Backup.Domain", "src\Modules\Backup\Domain\RMS.Modules.Backup.Domain.csproj", "{D4E5F6A7-B8C9-4D0E-1F2A-3B4C5D6E7F80}"
EndProject
Project("{FAE04EC0-301F-11D3-BF4B-00C04F79EFBC}") = "RMS.Modules.Backup.Application", "src\Modules\Backup\Application\RMS.Modules.Backup.Application.csproj", "{E5F6A7B8-C9D0-4E1F-2A3B-4C5D6E7F8091}"
EndProject
Project("{FAE04EC0-301F-11D3-BF4B-00C04F79EFBC}") = "RMS.Modules.Backup.Infrastructure", "src\Modules\Backup\Infrastructure\RMS.Modules.Backup.Infrastructure.csproj", "{F6A7B8C9-D0E1-4F2A-3B4C-5D6E7F8091A2}"
EndProject
Project("{FAE04EC0-301F-11D3-BF4B-00C04F79EFBC}") = "RMS.Modules.Reporting.Domain", "src\Modules\Reporting\Domain\RMS.Modules.Reporting.Domain.csproj", "{78F714AC-4C49-447F-8DB2-D2252C829A3B}"
EndProject
Project("{FAE04EC0-301F-11D3-BF4B-00C04F79EFBC}") = "RMS.Modules.Reporting.Application", "src\Modules\Reporting\Application\RMS.Modules.Reporting.Application.csproj", "{CD272128-14E2-4448-8E03-FE97C4BD61A4}"
EndProject
Project("{FAE04EC0-301F-11D3-BF4B-00C04F79EFBC}") = "RMS.Modules.Reporting.Infrastructure", "src\Modules\Reporting\Infrastructure\RMS.Modules.Reporting.Infrastructure.csproj", "{AF2F9030-9F9C-4697-A6E1-285892A770DD}"
EndProject
Project("{FAE04EC0-301F-11D3-BF4B-00C04F79EFBC}") = "RMS.Modules.Purchasing.Domain", "src\Modules\Purchasing\Domain\RMS.Modules.Purchasing.Domain.csproj", "{A1B2C3D4-E5F6-47A8-B9C0-D1E2F3A4B5C6}"
EndProject
Project("{FAE04EC0-301F-11D3-BF4B-00C04F79EFBC}") = "RMS.Modules.Purchasing.Application", "src\Modules\Purchasing\Application\RMS.Modules.Purchasing.Application.csproj", "{B2C3D4E5-F6A7-48B9-C0D1-E2F3A4B5C6D7}"
EndProject
Project("{FAE04EC0-301F-11D3-BF4B-00C04F79EFBC}") = "RMS.Modules.Purchasing.Infrastructure", "src\Modules\Purchasing\Infrastructure\RMS.Modules.Purchasing.Infrastructure.csproj", "{C3D4E5F6-A7B8-49C0-D1E2-F3A4B5C6D7E8}"
EndProject
Project("{FAE04EC0-301F-11D3-BF4B-00C04F79EFBC}") = "RMS.WPF", "src\Desktop\RMS.WPF\RMS.WPF.csproj", "{9A05EFF8-554F-4836-962A-16D4AE437102}"
EndProject
Project("{FAE04EC0-301F-11D3-BF4B-00C04F79EFBC}") = "RMS.UnitTests", "tests\UnitTests\RMS.UnitTests.csproj", "{B35BE45E-1307-447E-AB26-99CF4151DEC9}"
EndProject
Project("{FAE04EC0-301F-11D3-BF4B-00C04F79EFBC}") = "RMS.IntegrationTests", "tests\IntegrationTests\RMS.IntegrationTests.csproj", "{7DF910E4-3922-4A14-B581-393D726E1BEC}"
EndProject
Project("{FAE04EC0-301F-11D3-BF4B-00C04F79EFBC}") = "RMS.ArchitectureTests", "tests\ArchitectureTests\RMS.ArchitectureTests.csproj", "{317B6001-524C-4B7E-AB6E-27C4FCF48F70}"
EndProject
Project("{2150E333-8FDC-42A3-9474-1A3956D46DE8}") = "src", "src", "{827E0CD3-B72D-47B6-A68D-7590B98EB39B}"
EndProject
Project("{2150E333-8FDC-42A3-9474-1A3956D46DE8}") = "Modules", "Modules", "{EC447DCF-ABFA-6E24-52A5-D7FD48A5C558}"
EndProject
Project("{2150E333-8FDC-42A3-9474-1A3956D46DE8}") = "Notifications", "Notifications", "{DE9DAF8A-E684-0FD3-FFDC-40D3E3158533}"
EndProject
Project("{2150E333-8FDC-42A3-9474-1A3956D46DE8}") = "Domain", "Domain", "{8397FBE7-0207-9735-8802-744B88143CC1}"
EndProject
Project("{FAE04EC0-301F-11D3-BF4B-00C04F79EFBC}") = "RMS.Modules.Notifications.Domain", "src\Modules\Notifications\Domain\RMS.Modules.Notifications.Domain.csproj", "{C4612578-5324-41EF-940D-03F0492B16FC}"
EndProject
Project("{2150E333-8FDC-42A3-9474-1A3956D46DE8}") = "BuildingBlocks", "BuildingBlocks", "{90298CBA-BD6F-3A0A-69D5-97CAD7B05E7E}"
EndProject
Project("{2150E333-8FDC-42A3-9474-1A3956D46DE8}") = "Application", "Application", "{9E2A1AC7-D787-4F45-679D-00F70A4259B3}"
EndProject
Project("{FAE04EC0-301F-11D3-BF4B-00C04F79EFBC}") = "RMS.Modules.Notifications.Application", "src\Modules\Notifications\Application\RMS.Modules.Notifications.Application.csproj", "{E00BE74F-2BDB-4623-AABF-FCB7FFB51EFD}"
EndProject
Project("{2150E333-8FDC-42A3-9474-1A3956D46DE8}") = "Sales", "Sales", "{D2CAED6B-FC59-4178-6320-5EDC21A9F743}"
EndProject
Project("{2150E333-8FDC-42A3-9474-1A3956D46DE8}") = "Application", "Application", "{38A6A4C6-2370-5D44-2D4D-0AFAA6F329F3}"
EndProject
Project("{2150E333-8FDC-42A3-9474-1A3956D46DE8}") = "Inventory", "Inventory", "{18C073E0-6CB1-4693-3636-BFEE619A6192}"
EndProject
Project("{2150E333-8FDC-42A3-9474-1A3956D46DE8}") = "Application", "Application", "{F77E670E-0F23-3CE4-6F9C-951200B09EE2}"
EndProject
Project("{2150E333-8FDC-42A3-9474-1A3956D46DE8}") = "Purchasing", "Purchasing", "{25FA347C-8B42-8C5C-C21A-3C9818DBE1DD}"
EndProject
Project("{2150E333-8FDC-42A3-9474-1A3956D46DE8}") = "Application", "Application", "{B2150438-CD2E-E86E-650A-F3C13C67A556}"
EndProject
Project("{2150E333-8FDC-42A3-9474-1A3956D46DE8}") = "Customers", "Customers", "{7AD5252A-36DB-2D73-68F8-483A9FC97FCA}"
EndProject
Project("{2150E333-8FDC-42A3-9474-1A3956D46DE8}") = "Application", "Application", "{E18570CB-5FB8-EED9-B9C3-FC73FEB8331A}"
EndProject
Project("{2150E333-8FDC-42A3-9474-1A3956D46DE8}") = "Suppliers", "Suppliers", "{97E774AF-5F9C-8497-F92B-11F6DC396185}"
EndProject
Project("{2150E333-8FDC-42A3-9474-1A3956D46DE8}") = "Application", "Application", "{BCF7509B-CED9-AEBE-D284-7040BE374354}"
EndProject
Project("{2150E333-8FDC-42A3-9474-1A3956D46DE8}") = "Reporting", "Reporting", "{738763F7-68AC-12DE-A386-1ED9BDE12CF2}"
EndProject
Project("{2150E333-8FDC-42A3-9474-1A3956D46DE8}") = "Application", "Application", "{82F8AE05-84FA-36D2-1E29-F42AA3432ECD}"
EndProject
Project("{2150E333-8FDC-42A3-9474-1A3956D46DE8}") = "Backup", "Backup", "{F19B31FD-8AD8-4C0B-1E4F-E38335CB5818}"
EndProject
Project("{2150E333-8FDC-42A3-9474-1A3956D46DE8}") = "Application", "Application", "{209C1B65-E969-2173-8A97-941B9918DC0E}"
EndProject
Project("{2150E333-8FDC-42A3-9474-1A3956D46DE8}") = "Settings", "Settings", "{0587C5BB-3015-204D-19B6-EB01E03E48B6}"
EndProject
Project("{2150E333-8FDC-42A3-9474-1A3956D46DE8}") = "Application", "Application", "{EEA991F1-15A0-334C-6B12-CDE71164678C}"
EndProject
Project("{FAE04EC0-301F-11D3-BF4B-00C04F79EFBC}") = "RMS.Modules.Printing.Domain", "src\Modules\Printing\Domain\RMS.Modules.Printing.Domain.csproj", "{C1A2B3D4-E5F6-4A1B-8C2D-3E4F5A6B7C8D}"
EndProject
Project("{FAE04EC0-301F-11D3-BF4B-00C04F79EFBC}") = "RMS.Modules.Printing.Application", "src\Modules\Printing\Application\RMS.Modules.Printing.Application.csproj", "{D2B3C4E5-F6A7-4B2C-9D3E-4F5A6B7C8D9E}"
EndProject
Project("{FAE04EC0-301F-11D3-BF4B-00C04F79EFBC}") = "RMS.Modules.Printing.Infrastructure", "src\Modules\Printing\Infrastructure\RMS.Modules.Printing.Infrastructure.csproj", "{E3C4D5F6-A7B8-4C3D-0E4F-5A6B7C8D9E0F}"
EndProject

Project("{FAE04EC0-301F-11D3-BF4B-00C04F79EFBC}") = "RMS.Modules.Settings.Application", "src\Modules\Settings\Application\RMS.Modules.Settings.Application.csproj", "{E4FB011C-9820-4AE1-A6C0-D25858084C7C}"
EndProject
Project("{2150E333-8FDC-42A3-9474-1A3956D46DE8}") = "Domain", "Domain", "{53CE9FA1-F346-C5D4-9788-98A7F051F026}"
EndProject
Project("{FAE04EC0-301F-11D3-BF4B-00C04F79EFBC}") = "RMS.Modules.Settings.Domain", "src\Modules\Settings\Domain\RMS.Modules.Settings.Domain.csproj", "{4E760662-666C-4040-8651-5F0136055577}"
EndProject
Project("{2150E333-8FDC-42A3-9474-1A3956D46DE8}") = "Infrastructure", "Infrastructure", "{DD23DE8B-14E5-FAE5-526B-06C10D66314B}"
EndProject
Project("{FAE04EC0-301F-11D3-BF4B-00C04F79EFBC}") = "RMS.Modules.Notifications.Infrastructure", "src\Modules\Notifications\Infrastructure\RMS.Modules.Notifications.Infrastructure.csproj", "{472907FD-9D6A-478C-AA7C-4F3E03FC2003}"
EndProject
Global
	GlobalSection(SolutionConfigurationPlatforms) = preSolution
		Debug|Any CPU = Debug|Any CPU
		Debug|x64 = Debug|x64
		Debug|x86 = Debug|x86
		Release|Any CPU = Release|Any CPU
		Release|x64 = Release|x64
		Release|x86 = Release|x86
	EndGlobalSection
	GlobalSection(ProjectConfigurationPlatforms) = postSolution
		{EF07B56C-4CCE-42A7-85AE-C8953F2EEEAA}.Debug|Any CPU.ActiveCfg = Debug|Any CPU
		{EF07B56C-4CCE-42A7-85AE-C8953F2EEEAA}.Debug|Any CPU.Build.0 = Debug|Any CPU
		{EF07B56C-4CCE-42A7-85AE-C8953F2EEEAA}.Debug|x64.ActiveCfg = Debug|Any CPU
		{EF07B56C-4CCE-42A7-85AE-C8953F2EEEAA}.Debug|x64.Build.0 = Debug|Any CPU
		{EF07B56C-4CCE-42A7-85AE-C8953F2EEEAA}.Debug|x86.ActiveCfg = Debug|Any CPU
		{EF07B56C-4CCE-42A7-85AE-C8953F2EEEAA}.Debug|x86.Build.0 = Debug|Any CPU
		{EF07B56C-4CCE-42A7-85AE-C8953F2EEEAA}.Release|Any CPU.ActiveCfg = Release|Any CPU
		{EF07B56C-4CCE-42A7-85AE-C8953F2EEEAA}.Release|Any CPU.Build.0 = Release|Any CPU
		{EF07B56C-4CCE-42A7-85AE-C8953F2EEEAA}.Release|x64.ActiveCfg = Release|Any CPU
		{EF07B56C-4CCE-42A7-85AE-C8953F2EEEAA}.Release|x64.Build.0 = Release|Any CPU
		{EF07B56C-4CCE-42A7-85AE-C8953F2EEEAA}.Release|x86.ActiveCfg = Release|Any CPU
		{EF07B56C-4CCE-42A7-85AE-C8953F2EEEAA}.Release|x86.Build.0 = Release|Any CPU
		{74FEBA60-49BE-4BD0-87B0-E249F4343DA4}.Debug|Any CPU.ActiveCfg = Debug|Any CPU
		{74FEBA60-49BE-4BD0-87B0-E249F4343DA4}.Debug|Any CPU.Build.0 = Debug|Any CPU
		{74FEBA60-49BE-4BD0-87B0-E249F4343DA4}.Debug|x64.ActiveCfg = Debug|Any CPU
		{74FEBA60-49BE-4BD0-87B0-E249F4343DA4}.Debug|x64.Build.0 = Debug|Any CPU
		{74FEBA60-49BE-4BD0-87B0-E249F4343DA4}.Debug|x86.ActiveCfg = Debug|Any CPU
		{74FEBA60-49BE-4BD0-87B0-E249F4343DA4}.Debug|x86.Build.0 = Debug|Any CPU
		{74FEBA60-49BE-4BD0-87B0-E249F4343DA4}.Release|Any CPU.ActiveCfg = Release|Any CPU
		{74FEBA60-49BE-4BD0-87B0-E249F4343DA4}.Release|Any CPU.Build.0 = Release|Any CPU
		{74FEBA60-49BE-4BD0-87B0-E249F4343DA4}.Release|x64.ActiveCfg = Release|Any CPU
		{74FEBA60-49BE-4BD0-87B0-E249F4343DA4}.Release|x64.Build.0 = Release|Any CPU
		{74FEBA60-49BE-4BD0-87B0-E249F4343DA4}.Release|x86.ActiveCfg = Release|Any CPU
		{74FEBA60-49BE-4BD0-87B0-E249F4343DA4}.Release|x86.Build.0 = Release|Any CPU
		{0CE315A0-ED71-4E6C-BE75-589CF0586F91}.Debug|Any CPU.ActiveCfg = Debug|Any CPU
		{0CE315A0-ED71-4E6C-BE75-589CF0586F91}.Debug|Any CPU.Build.0 = Debug|Any CPU
		{0CE315A0-ED71-4E6C-BE75-589CF0586F91}.Debug|x64.ActiveCfg = Debug|Any CPU
		{0CE315A0-ED71-4E6C-BE75-589CF0586F91}.Debug|x64.Build.0 = Debug|Any CPU
		{0CE315A0-ED71-4E6C-BE75-589CF0586F91}.Debug|x86.ActiveCfg = Debug|Any CPU
		{0CE315A0-ED71-4E6C-BE75-589CF0586F91}.Debug|x86.Build.0 = Debug|Any CPU
		{0CE315A0-ED71-4E6C-BE75-589CF0586F91}.Release|Any CPU.ActiveCfg = Release|Any CPU
		{0CE315A0-ED71-4E6C-BE75-589CF0586F91}.Release|Any CPU.Build.0 = Release|Any CPU
		{0CE315A0-ED71-4E6C-BE75-589CF0586F91}.Release|x64.ActiveCfg = Release|Any CPU
		{0CE315A0-ED71-4E6C-BE75-589CF0586F91}.Release|x64.Build.0 = Release|Any CPU
		{0CE315A0-ED71-4E6C-BE75-589CF0586F91}.Release|x86.ActiveCfg = Release|Any CPU
		{0CE315A0-ED71-4E6C-BE75-589CF0586F91}.Release|x86.Build.0 = Release|Any CPU
		{BC498865-E1F1-4BE1-AFCC-E7FFB0301A1A}.Debug|Any CPU.ActiveCfg = Debug|Any CPU
		{BC498865-E1F1-4BE1-AFCC-E7FFB0301A1A}.Debug|Any CPU.Build.0 = Debug|Any CPU
		{BC498865-E1F1-4BE1-AFCC-E7FFB0301A1A}.Debug|x64.ActiveCfg = Debug|Any CPU
		{BC498865-E1F1-4BE1-AFCC-E7FFB0301A1A}.Debug|x64.Build.0 = Debug|Any CPU
		{BC498865-E1F1-4BE1-AFCC-E7FFB0301A1A}.Debug|x86.ActiveCfg = Debug|Any CPU
		{BC498865-E1F1-4BE1-AFCC-E7FFB0301A1A}.Debug|x86.Build.0 = Debug|Any CPU
		{BC498865-E1F1-4BE1-AFCC-E7FFB0301A1A}.Release|Any CPU.ActiveCfg = Release|Any CPU
		{BC498865-E1F1-4BE1-AFCC-E7FFB0301A1A}.Release|Any CPU.Build.0 = Release|Any CPU
		{BC498865-E1F1-4BE1-AFCC-E7FFB0301A1A}.Release|x64.ActiveCfg = Release|Any CPU
		{BC498865-E1F1-4BE1-AFCC-E7FFB0301A1A}.Release|x64.Build.0 = Release|Any CPU
		{BC498865-E1F1-4BE1-AFCC-E7FFB0301A1A}.Release|x86.ActiveCfg = Release|Any CPU
		{BC498865-E1F1-4BE1-AFCC-E7FFB0301A1A}.Release|x86.Build.0 = Release|Any CPU
		{1B162066-74BD-4292-8A98-3833424CE076}.Debug|Any CPU.ActiveCfg = Debug|Any CPU
		{1B162066-74BD-4292-8A98-3833424CE076}.Debug|Any CPU.Build.0 = Debug|Any CPU
		{1B162066-74BD-4292-8A98-3833424CE076}.Debug|x64.ActiveCfg = Debug|Any CPU
		{1B162066-74BD-4292-8A98-3833424CE076}.Debug|x64.Build.0 = Debug|Any CPU
		{1B162066-74BD-4292-8A98-3833424CE076}.Debug|x86.ActiveCfg = Debug|Any CPU
		{1B162066-74BD-4292-8A98-3833424CE076}.Debug|x86.Build.0 = Debug|Any CPU
		{1B162066-74BD-4292-8A98-3833424CE076}.Release|Any CPU.ActiveCfg = Release|Any CPU
		{1B162066-74BD-4292-8A98-3833424CE076}.Release|Any CPU.Build.0 = Release|Any CPU
		{1B162066-74BD-4292-8A98-3833424CE076}.Release|x64.ActiveCfg = Release|Any CPU
		{1B162066-74BD-4292-8A98-3833424CE076}.Release|x64.Build.0 = Release|Any CPU
		{1B162066-74BD-4292-8A98-3833424CE076}.Release|x86.ActiveCfg = Release|Any CPU
		{1B162066-74BD-4292-8A98-3833424CE076}.Release|x86.Build.0 = Release|Any CPU
		{C34C939C-3D6C-4B8B-962D-48F40A2FC477}.Debug|Any CPU.ActiveCfg = Debug|Any CPU
		{C34C939C-3D6C-4B8B-962D-48F40A2FC477}.Debug|Any CPU.Build.0 = Debug|Any CPU
		{C34C939C-3D6C-4B8B-962D-48F40A2FC477}.Debug|x64.ActiveCfg = Debug|Any CPU
		{C34C939C-3D6C-4B8B-962D-48F40A2FC477}.Debug|x64.Build.0 = Debug|Any CPU
		{C34C939C-3D6C-4B8B-962D-48F40A2FC477}.Debug|x86.ActiveCfg = Debug|Any CPU
		{C34C939C-3D6C-4B8B-962D-48F40A2FC477}.Debug|x86.Build.0 = Debug|Any CPU
		{C34C939C-3D6C-4B8B-962D-48F40A2FC477}.Release|Any CPU.ActiveCfg = Release|Any CPU
		{C34C939C-3D6C-4B8B-962D-48F40A2FC477}.Release|Any CPU.Build.0 = Release|Any CPU
		{C34C939C-3D6C-4B8B-962D-48F40A2FC477}.Release|x64.ActiveCfg = Release|Any CPU
		{C34C939C-3D6C-4B8B-962D-48F40A2FC477}.Release|x64.Build.0 = Release|Any CPU
		{C34C939C-3D6C-4B8B-962D-48F40A2FC477}.Release|x86.ActiveCfg = Release|Any CPU
		{C34C939C-3D6C-4B8B-962D-48F40A2FC477}.Release|x86.Build.0 = Release|Any CPU
		{F1D7AC65-5A11-4F44-84D8-F18F1EA440EB}.Debug|Any CPU.ActiveCfg = Debug|Any CPU
		{F1D7AC65-5A11-4F44-84D8-F18F1EA440EB}.Debug|Any CPU.Build.0 = Debug|Any CPU
		{F1D7AC65-5A11-4F44-84D8-F18F1EA440EB}.Debug|x64.ActiveCfg = Debug|Any CPU
		{F1D7AC65-5A11-4F44-84D8-F18F1EA440EB}.Debug|x64.Build.0 = Debug|Any CPU
		{F1D7AC65-5A11-4F44-84D8-F18F1EA440EB}.Debug|x86.ActiveCfg = Debug|Any CPU
		{F1D7AC65-5A11-4F44-84D8-F18F1EA440EB}.Debug|x86.Build.0 = Debug|Any CPU
		{F1D7AC65-5A11-4F44-84D8-F18F1EA440EB}.Release|Any CPU.ActiveCfg = Release|Any CPU
		{F1D7AC65-5A11-4F44-84D8-F18F1EA440EB}.Release|Any CPU.Build.0 = Release|Any CPU
		{F1D7AC65-5A11-4F44-84D8-F18F1EA440EB}.Release|x64.ActiveCfg = Release|Any CPU
		{F1D7AC65-5A11-4F44-84D8-F18F1EA440EB}.Release|x64.Build.0 = Release|Any CPU
		{F1D7AC65-5A11-4F44-84D8-F18F1EA440EB}.Release|x86.ActiveCfg = Release|Any CPU
		{F1D7AC65-5A11-4F44-84D8-F18F1EA440EB}.Release|x86.Build.0 = Release|Any CPU
		{A59F6C12-EECC-4529-812A-F02DF01CDC8B}.Debug|Any CPU.ActiveCfg = Debug|Any CPU
		{A59F6C12-EECC-4529-812A-F02DF01CDC8B}.Debug|Any CPU.Build.0 = Debug|Any CPU
		{A59F6C12-EECC-4529-812A-F02DF01CDC8B}.Debug|x64.ActiveCfg = Debug|Any CPU
		{A59F6C12-EECC-4529-812A-F02DF01CDC8B}.Debug|x64.Build.0 = Debug|Any CPU
		{A59F6C12-EECC-4529-812A-F02DF01CDC8B}.Debug|x86.ActiveCfg = Debug|Any CPU
		{A59F6C12-EECC-4529-812A-F02DF01CDC8B}.Debug|x86.Build.0 = Debug|Any CPU
		{A59F6C12-EECC-4529-812A-F02DF01CDC8B}.Release|Any CPU.ActiveCfg = Release|Any CPU
		{A59F6C12-EECC-4529-812A-F02DF01CDC8B}.Release|Any CPU.Build.0 = Release|Any CPU
		{A59F6C12-EECC-4529-812A-F02DF01CDC8B}.Release|x64.ActiveCfg = Release|Any CPU
		{A59F6C12-EECC-4529-812A-F02DF01CDC8B}.Release|x64.Build.0 = Release|Any CPU
		{A59F6C12-EECC-4529-812A-F02DF01CDC8B}.Release|x86.ActiveCfg = Release|Any CPU
		{A59F6C12-EECC-4529-812A-F02DF01CDC8B}.Release|x86.Build.0 = Release|Any CPU
		{5E7085BC-EEAA-4D7B-806C-B9B3AA1BB458}.Debug|Any CPU.ActiveCfg = Debug|Any CPU
		{5E7085BC-EEAA-4D7B-806C-B9B3AA1BB458}.Debug|Any CPU.Build.0 = Debug|Any CPU
		{5E7085BC-EEAA-4D7B-806C-B9B3AA1BB458}.Debug|x64.ActiveCfg = Debug|Any CPU
		{5E7085BC-EEAA-4D7B-806C-B9B3AA1BB458}.Debug|x64.Build.0 = Debug|Any CPU
		{5E7085BC-EEAA-4D7B-806C-B9B3AA1BB458}.Debug|x86.ActiveCfg = Debug|Any CPU
		{5E7085BC-EEAA-4D7B-806C-B9B3AA1BB458}.Debug|x86.Build.0 = Debug|Any CPU
		{5E7085BC-EEAA-4D7B-806C-B9B3AA1BB458}.Release|Any CPU.ActiveCfg = Release|Any CPU
		{5E7085BC-EEAA-4D7B-806C-B9B3AA1BB458}.Release|Any CPU.Build.0 = Release|Any CPU
		{5E7085BC-EEAA-4D7B-806C-B9B3AA1BB458}.Release|x64.ActiveCfg = Release|Any CPU
		{5E7085BC-EEAA-4D7B-806C-B9B3AA1BB458}.Release|x64.Build.0 = Release|Any CPU
		{5E7085BC-EEAA-4D7B-806C-B9B3AA1BB458}.Release|x86.ActiveCfg = Release|Any CPU
		{5E7085BC-EEAA-4D7B-806C-B9B3AA1BB458}.Release|x86.Build.0 = Release|Any CPU
		{DBF71BBC-F501-4614-BFF1-C49A7BB66FEB}.Debug|Any CPU.ActiveCfg = Debug|Any CPU
		{DBF71BBC-F501-4614-BFF1-C49A7BB66FEB}.Debug|Any CPU.Build.0 = Debug|Any CPU
		{DBF71BBC-F501-4614-BFF1-C49A7BB66FEB}.Debug|x64.ActiveCfg = Debug|Any CPU
		{DBF71BBC-F501-4614-BFF1-C49A7BB66FEB}.Debug|x64.Build.0 = Debug|Any CPU
		{DBF71BBC-F501-4614-BFF1-C49A7BB66FEB}.Debug|x86.ActiveCfg = Debug|Any CPU
		{DBF71BBC-F501-4614-BFF1-C49A7BB66FEB}.Debug|x86.Build.0 = Debug|Any CPU
		{DBF71BBC-F501-4614-BFF1-C49A7BB66FEB}.Release|Any CPU.ActiveCfg = Release|Any CPU
		{DBF71BBC-F501-4614-BFF1-C49A7BB66FEB}.Release|Any CPU.Build.0 = Release|Any CPU
		{DBF71BBC-F501-4614-BFF1-C49A7BB66FEB}.Release|x64.ActiveCfg = Release|Any CPU
		{DBF71BBC-F501-4614-BFF1-C49A7BB66FEB}.Release|x64.Build.0 = Release|Any CPU
		{DBF71BBC-F501-4614-BFF1-C49A7BB66FEB}.Release|x86.ActiveCfg = Release|Any CPU
		{DBF71BBC-F501-4614-BFF1-C49A7BB66FEB}.Release|x86.Build.0 = Release|Any CPU
		{0475EEEB-3B12-4E21-9A0A-F4D1BFBB5D0B}.Debug|Any CPU.ActiveCfg = Debug|Any CPU
		{0475EEEB-3B12-4E21-9A0A-F4D1BFBB5D0B}.Debug|Any CPU.Build.0 = Debug|Any CPU
		{0475EEEB-3B12-4E21-9A0A-F4D1BFBB5D0B}.Debug|x64.ActiveCfg = Debug|Any CPU
		{0475EEEB-3B12-4E21-9A0A-F4D1BFBB5D0B}.Debug|x64.Build.0 = Debug|Any CPU
		{0475EEEB-3B12-4E21-9A0A-F4D1BFBB5D0B}.Debug|x86.ActiveCfg = Debug|Any CPU
		{0475EEEB-3B12-4E21-9A0A-F4D1BFBB5D0B}.Debug|x86.Build.0 = Debug|Any CPU
		{0475EEEB-3B12-4E21-9A0A-F4D1BFBB5D0B}.Release|Any CPU.ActiveCfg = Release|Any CPU
		{0475EEEB-3B12-4E21-9A0A-F4D1BFBB5D0B}.Release|Any CPU.Build.0 = Release|Any CPU
		{0475EEEB-3B12-4E21-9A0A-F4D1BFBB5D0B}.Release|x64.ActiveCfg = Release|Any CPU
		{0475EEEB-3B12-4E21-9A0A-F4D1BFBB5D0B}.Release|x64.Build.0 = Release|Any CPU
		{0475EEEB-3B12-4E21-9A0A-F4D1BFBB5D0B}.Release|x86.ActiveCfg = Release|Any CPU
		{0475EEEB-3B12-4E21-9A0A-F4D1BFBB5D0B}.Release|x86.Build.0 = Release|Any CPU
		{78C407A8-DADD-4426-8665-628C7140D434}.Debug|Any CPU.ActiveCfg = Debug|Any CPU
		{78C407A8-DADD-4426-8665-628C7140D434}.Debug|Any CPU.Build.0 = Debug|Any CPU
		{78C407A8-DADD-4426-8665-628C7140D434}.Debug|x64.ActiveCfg = Debug|Any CPU
		{78C407A8-DADD-4426-8665-628C7140D434}.Debug|x64.Build.0 = Debug|Any CPU
		{78C407A8-DADD-4426-8665-628C7140D434}.Debug|x86.ActiveCfg = Debug|Any CPU
		{78C407A8-DADD-4426-8665-628C7140D434}.Debug|x86.Build.0 = Debug|Any CPU
		{78C407A8-DADD-4426-8665-628C7140D434}.Release|Any CPU.ActiveCfg = Release|Any CPU
		{78C407A8-DADD-4426-8665-628C7140D434}.Release|Any CPU.Build.0 = Release|Any CPU
		{78C407A8-DADD-4426-8665-628C7140D434}.Release|x64.ActiveCfg = Release|Any CPU
		{78C407A8-DADD-4426-8665-628C7140D434}.Release|x64.Build.0 = Release|Any CPU
		{78C407A8-DADD-4426-8665-628C7140D434}.Release|x86.ActiveCfg = Release|Any CPU
		{78C407A8-DADD-4426-8665-628C7140D434}.Release|x86.Build.0 = Release|Any CPU
		{A093F550-987E-4B8F-A5BD-2A8ECA5D47B2}.Debug|Any CPU.ActiveCfg = Debug|Any CPU
		{A093F550-987E-4B8F-A5BD-2A8ECA5D47B2}.Debug|Any CPU.Build.0 = Debug|Any CPU
		{A093F550-987E-4B8F-A5BD-2A8ECA5D47B2}.Debug|x64.ActiveCfg = Debug|Any CPU
		{A093F550-987E-4B8F-A5BD-2A8ECA5D47B2}.Debug|x64.Build.0 = Debug|Any CPU
		{A093F550-987E-4B8F-A5BD-2A8ECA5D47B2}.Debug|x86.ActiveCfg = Debug|Any CPU
		{A093F550-987E-4B8F-A5BD-2A8ECA5D47B2}.Debug|x86.Build.0 = Debug|Any CPU
		{A093F550-987E-4B8F-A5BD-2A8ECA5D47B2}.Release|Any CPU.ActiveCfg = Release|Any CPU
		{A093F550-987E-4B8F-A5BD-2A8ECA5D47B2}.Release|Any CPU.Build.0 = Release|Any CPU
		{A093F550-987E-4B8F-A5BD-2A8ECA5D47B2}.Release|x64.ActiveCfg = Release|Any CPU
		{A093F550-987E-4B8F-A5BD-2A8ECA5D47B2}.Release|x64.Build.0 = Release|Any CPU
		{A093F550-987E-4B8F-A5BD-2A8ECA5D47B2}.Release|x86.ActiveCfg = Release|Any CPU
		{A093F550-987E-4B8F-A5BD-2A8ECA5D47B2}.Release|x86.Build.0 = Release|Any CPU
		{0EC2A207-70C2-4176-95E8-125DD27F1632}.Debug|Any CPU.ActiveCfg = Debug|Any CPU
		{0EC2A207-70C2-4176-95E8-125DD27F1632}.Debug|Any CPU.Build.0 = Debug|Any CPU
		{0EC2A207-70C2-4176-95E8-125DD27F1632}.Debug|x64.ActiveCfg = Debug|Any CPU
		{0EC2A207-70C2-4176-95E8-125DD27F1632}.Debug|x64.Build.0 = Debug|Any CPU
		{0EC2A207-70C2-4176-95E8-125DD27F1632}.Debug|x86.ActiveCfg = Debug|Any CPU
		{0EC2A207-70C2-4176-95E8-125DD27F1632}.Debug|x86.Build.0 = Debug|Any CPU
		{0EC2A207-70C2-4176-95E8-125DD27F1632}.Release|Any CPU.ActiveCfg = Release|Any CPU
		{0EC2A207-70C2-4176-95E8-125DD27F1632}.Release|Any CPU.Build.0 = Release|Any CPU
		{0EC2A207-70C2-4176-95E8-125DD27F1632}.Release|x64.ActiveCfg = Release|Any CPU
		{0EC2A207-70C2-4176-95E8-125DD27F1632}.Release|x64.Build.0 = Release|Any CPU
		{0EC2A207-70C2-4176-95E8-125DD27F1632}.Release|x86.ActiveCfg = Release|Any CPU
		{0EC2A207-70C2-4176-95E8-125DD27F1632}.Release|x86.Build.0 = Release|Any CPU
		{36FF7356-2F0F-436F-BF07-5D3FD2B2F722}.Debug|Any CPU.ActiveCfg = Debug|Any CPU
		{36FF7356-2F0F-436F-BF07-5D3FD2B2F722}.Debug|Any CPU.Build.0 = Debug|Any CPU
		{36FF7356-2F0F-436F-BF07-5D3FD2B2F722}.Debug|x64.ActiveCfg = Debug|Any CPU
		{36FF7356-2F0F-436F-BF07-5D3FD2B2F722}.Debug|x64.Build.0 = Debug|Any CPU
		{36FF7356-2F0F-436F-BF07-5D3FD2B2F722}.Debug|x86.ActiveCfg = Debug|Any CPU
		{36FF7356-2F0F-436F-BF07-5D3FD2B2F722}.Debug|x86.Build.0 = Debug|Any CPU
		{36FF7356-2F0F-436F-BF07-5D3FD2B2F722}.Release|Any CPU.ActiveCfg = Release|Any CPU
		{36FF7356-2F0F-436F-BF07-5D3FD2B2F722}.Release|Any CPU.Build.0 = Release|Any CPU
		{36FF7356-2F0F-436F-BF07-5D3FD2B2F722}.Release|x64.ActiveCfg = Release|Any CPU
		{36FF7356-2F0F-436F-BF07-5D3FD2B2F722}.Release|x64.Build.0 = Release|Any CPU
		{36FF7356-2F0F-436F-BF07-5D3FD2B2F722}.Release|x86.ActiveCfg = Release|Any CPU
		{36FF7356-2F0F-436F-BF07-5D3FD2B2F722}.Release|x86.Build.0 = Release|Any CPU
		{3F2F728D-0E26-4D86-B30C-C68C6352D7D3}.Debug|Any CPU.ActiveCfg = Debug|Any CPU
		{3F2F728D-0E26-4D86-B30C-C68C6352D7D3}.Debug|Any CPU.Build.0 = Debug|Any CPU
		{3F2F728D-0E26-4D86-B30C-C68C6352D7D3}.Debug|x64.ActiveCfg = Debug|Any CPU
		{3F2F728D-0E26-4D86-B30C-C68C6352D7D3}.Debug|x64.Build.0 = Debug|Any CPU
		{3F2F728D-0E26-4D86-B30C-C68C6352D7D3}.Debug|x86.ActiveCfg = Debug|Any CPU
		{3F2F728D-0E26-4D86-B30C-C68C6352D7D3}.Debug|x86.Build.0 = Debug|Any CPU
		{3F2F728D-0E26-4D86-B30C-C68C6352D7D3}.Release|Any CPU.ActiveCfg = Release|Any CPU
		{3F2F728D-0E26-4D86-B30C-C68C6352D7D3}.Release|Any CPU.Build.0 = Release|Any CPU
		{3F2F728D-0E26-4D86-B30C-C68C6352D7D3}.Release|x64.ActiveCfg = Release|Any CPU
		{3F2F728D-0E26-4D86-B30C-C68C6352D7D3}.Release|x64.Build.0 = Release|Any CPU
		{3F2F728D-0E26-4D86-B30C-C68C6352D7D3}.Release|x86.ActiveCfg = Release|Any CPU
		{3F2F728D-0E26-4D86-B30C-C68C6352D7D3}.Release|x86.Build.0 = Release|Any CPU
		{210B3937-82DA-48E9-B172-E56C7EC1685C}.Debug|Any CPU.ActiveCfg = Debug|Any CPU
		{210B3937-82DA-48E9-B172-E56C7EC1685C}.Debug|Any CPU.Build.0 = Debug|Any CPU
		{210B3937-82DA-48E9-B172-E56C7EC1685C}.Debug|x64.ActiveCfg = Debug|Any CPU
		{210B3937-82DA-48E9-B172-E56C7EC1685C}.Debug|x64.Build.0 = Debug|Any CPU
		{210B3937-82DA-48E9-B172-E56C7EC1685C}.Debug|x86.ActiveCfg = Debug|Any CPU
		{210B3937-82DA-48E9-B172-E56C7EC1685C}.Debug|x86.Build.0 = Debug|Any CPU
		{210B3937-82DA-48E9-B172-E56C7EC1685C}.Release|Any CPU.ActiveCfg = Release|Any CPU
		{210B3937-82DA-48E9-B172-E56C7EC1685C}.Release|Any CPU.Build.0 = Release|Any CPU
		{210B3937-82DA-48E9-B172-E56C7EC1685C}.Release|x64.ActiveCfg = Release|Any CPU
		{210B3937-82DA-48E9-B172-E56C7EC1685C}.Release|x64.Build.0 = Release|Any CPU
		{210B3937-82DA-48E9-B172-E56C7EC1685C}.Release|x86.ActiveCfg = Release|Any CPU
		{210B3937-82DA-48E9-B172-E56C7EC1685C}.Release|x86.Build.0 = Release|Any CPU
		{BFA1B4A9-B584-465E-88AF-3654DF8A6F04}.Debug|Any CPU.ActiveCfg = Debug|Any CPU
		{BFA1B4A9-B584-465E-88AF-3654DF8A6F04}.Debug|Any CPU.Build.0 = Debug|Any CPU
		{BFA1B4A9-B584-465E-88AF-3654DF8A6F04}.Debug|x64.ActiveCfg = Debug|Any CPU
		{BFA1B4A9-B584-465E-88AF-3654DF8A6F04}.Debug|x64.Build.0 = Debug|Any CPU
		{BFA1B4A9-B584-465E-88AF-3654DF8A6F04}.Debug|x86.ActiveCfg = Debug|Any CPU
		{BFA1B4A9-B584-465E-88AF-3654DF8A6F04}.Debug|x86.Build.0 = Debug|Any CPU
		{BFA1B4A9-B584-465E-88AF-3654DF8A6F04}.Release|Any CPU.ActiveCfg = Release|Any CPU
		{BFA1B4A9-B584-465E-88AF-3654DF8A6F04}.Release|Any CPU.Build.0 = Release|Any CPU
		{BFA1B4A9-B584-465E-88AF-3654DF8A6F04}.Release|x64.ActiveCfg = Release|Any CPU
		{BFA1B4A9-B584-465E-88AF-3654DF8A6F04}.Release|x64.Build.0 = Release|Any CPU
		{BFA1B4A9-B584-465E-88AF-3654DF8A6F04}.Release|x86.ActiveCfg = Release|Any CPU
		{BFA1B4A9-B584-465E-88AF-3654DF8A6F04}.Release|x86.Build.0 = Release|Any CPU
		{6B8FD9E4-DAED-4887-BCC3-7A5CB65C2C1D}.Debug|Any CPU.ActiveCfg = Debug|Any CPU
		{6B8FD9E4-DAED-4887-BCC3-7A5CB65C2C1D}.Debug|Any CPU.Build.0 = Debug|Any CPU
		{6B8FD9E4-DAED-4887-BCC3-7A5CB65C2C1D}.Debug|x64.ActiveCfg = Debug|Any CPU
		{6B8FD9E4-DAED-4887-BCC3-7A5CB65C2C1D}.Debug|x64.Build.0 = Debug|Any CPU
		{6B8FD9E4-DAED-4887-BCC3-7A5CB65C2C1D}.Debug|x86.ActiveCfg = Debug|Any CPU
		{6B8FD9E4-DAED-4887-BCC3-7A5CB65C2C1D}.Debug|x86.Build.0 = Debug|Any CPU
		{6B8FD9E4-DAED-4887-BCC3-7A5CB65C2C1D}.Release|Any CPU.ActiveCfg = Release|Any CPU
		{6B8FD9E4-DAED-4887-BCC3-7A5CB65C2C1D}.Release|Any CPU.Build.0 = Release|Any CPU
		{6B8FD9E4-DAED-4887-BCC3-7A5CB65C2C1D}.Release|x64.ActiveCfg = Release|Any CPU
		{6B8FD9E4-DAED-4887-BCC3-7A5CB65C2C1D}.Release|x64.Build.0 = Release|Any CPU
		{6B8FD9E4-DAED-4887-BCC3-7A5CB65C2C1D}.Release|x86.ActiveCfg = Release|Any CPU
		{6B8FD9E4-DAED-4887-BCC3-7A5CB65C2C1D}.Release|x86.Build.0 = Release|Any CPU
		{D4E5F6A7-B8C9-4D0E-1F2A-3B4C5D6E7F80}.Debug|Any CPU.ActiveCfg = Debug|Any CPU
		{D4E5F6A7-B8C9-4D0E-1F2A-3B4C5D6E7F80}.Debug|Any CPU.Build.0 = Debug|Any CPU
		{D4E5F6A7-B8C9-4D0E-1F2A-3B4C5D6E7F80}.Debug|x64.ActiveCfg = Debug|Any CPU
		{D4E5F6A7-B8C9-4D0E-1F2A-3B4C5D6E7F80}.Debug|x64.Build.0 = Debug|Any CPU
		{D4E5F6A7-B8C9-4D0E-1F2A-3B4C5D6E7F80}.Debug|x86.ActiveCfg = Debug|Any CPU
		{D4E5F6A7-B8C9-4D0E-1F2A-3B4C5D6E7F80}.Debug|x86.Build.0 = Debug|Any CPU
		{D4E5F6A7-B8C9-4D0E-1F2A-3B4C5D6E7F80}.Release|Any CPU.ActiveCfg = Release|Any CPU
		{D4E5F6A7-B8C9-4D0E-1F2A-3B4C5D6E7F80}.Release|Any CPU.Build.0 = Release|Any CPU
		{D4E5F6A7-B8C9-4D0E-1F2A-3B4C5D6E7F80}.Release|x64.ActiveCfg = Release|Any CPU
		{D4E5F6A7-B8C9-4D0E-1F2A-3B4C5D6E7F80}.Release|x64.Build.0 = Release|Any CPU
		{D4E5F6A7-B8C9-4D0E-1F2A-3B4C5D6E7F80}.Release|x86.ActiveCfg = Release|Any CPU
		{D4E5F6A7-B8C9-4D0E-1F2A-3B4C5D6E7F80}.Release|x86.Build.0 = Release|Any CPU
		{E5F6A7B8-C9D0-4E1F-2A3B-4C5D6E7F8091}.Debug|Any CPU.ActiveCfg = Debug|Any CPU
		{E5F6A7B8-C9D0-4E1F-2A3B-4C5D6E7F8091}.Debug|Any CPU.Build.0 = Debug|Any CPU
		{E5F6A7B8-C9D0-4E1F-2A3B-4C5D6E7F8091}.Debug|x64.ActiveCfg = Debug|Any CPU
		{E5F6A7B8-C9D0-4E1F-2A3B-4C5D6E7F8091}.Debug|x64.Build.0 = Debug|Any CPU
		{E5F6A7B8-C9D0-4E1F-2A3B-4C5D6E7F8091}.Debug|x86.ActiveCfg = Debug|Any CPU
		{E5F6A7B8-C9D0-4E1F-2A3B-4C5D6E7F8091}.Debug|x86.Build.0 = Debug|Any CPU
		{E5F6A7B8-C9D0-4E1F-2A3B-4C5D6E7F8091}.Release|Any CPU.ActiveCfg = Release|Any CPU
		{E5F6A7B8-C9D0-4E1F-2A3B-4C5D6E7F8091}.Release|Any CPU.Build.0 = Release|Any CPU
		{E5F6A7B8-C9D0-4E1F-2A3B-4C5D6E7F8091}.Release|x64.ActiveCfg = Release|Any CPU
		{E5F6A7B8-C9D0-4E1F-2A3B-4C5D6E7F8091}.Release|x64.Build.0 = Release|Any CPU
		{E5F6A7B8-C9D0-4E1F-2A3B-4C5D6E7F8091}.Release|x86.ActiveCfg = Release|Any CPU
		{E5F6A7B8-C9D0-4E1F-2A3B-4C5D6E7F8091}.Release|x86.Build.0 = Release|Any CPU
		{F6A7B8C9-D0E1-4F2A-3B4C-5D6E7F8091A2}.Debug|Any CPU.ActiveCfg = Debug|Any CPU
		{F6A7B8C9-D0E1-4F2A-3B4C-5D6E7F8091A2}.Debug|Any CPU.Build.0 = Debug|Any CPU
		{F6A7B8C9-D0E1-4F2A-3B4C-5D6E7F8091A2}.Debug|x64.ActiveCfg = Debug|Any CPU
		{F6A7B8C9-D0E1-4F2A-3B4C-5D6E7F8091A2}.Debug|x64.Build.0 = Debug|Any CPU
		{F6A7B8C9-D0E1-4F2A-3B4C-5D6E7F8091A2}.Debug|x86.ActiveCfg = Debug|Any CPU
		{F6A7B8C9-D0E1-4F2A-3B4C-5D6E7F8091A2}.Debug|x86.Build.0 = Debug|Any CPU
		{F6A7B8C9-D0E1-4F2A-3B4C-5D6E7F8091A2}.Release|Any CPU.ActiveCfg = Release|Any CPU
		{F6A7B8C9-D0E1-4F2A-3B4C-5D6E7F8091A2}.Release|Any CPU.Build.0 = Release|Any CPU
		{F6A7B8C9-D0E1-4F2A-3B4C-5D6E7F8091A2}.Release|x64.ActiveCfg = Release|Any CPU
		{F6A7B8C9-D0E1-4F2A-3B4C-5D6E7F8091A2}.Release|x64.Build.0 = Release|Any CPU
		{F6A7B8C9-D0E1-4F2A-3B4C-5D6E7F8091A2}.Release|x86.ActiveCfg = Release|Any CPU
		{F6A7B8C9-D0E1-4F2A-3B4C-5D6E7F8091A2}.Release|x86.Build.0 = Release|Any CPU
		{78F714AC-4C49-447F-8DB2-D2252C829A3B}.Debug|Any CPU.ActiveCfg = Debug|Any CPU
		{78F714AC-4C49-447F-8DB2-D2252C829A3B}.Debug|Any CPU.Build.0 = Debug|Any CPU
		{78F714AC-4C49-447F-8DB2-D2252C829A3B}.Debug|x64.ActiveCfg = Debug|Any CPU
		{78F714AC-4C49-447F-8DB2-D2252C829A3B}.Debug|x64.Build.0 = Debug|Any CPU
		{78F714AC-4C49-447F-8DB2-D2252C829A3B}.Debug|x86.ActiveCfg = Debug|Any CPU
		{78F714AC-4C49-447F-8DB2-D2252C829A3B}.Debug|x86.Build.0 = Debug|Any CPU
		{78F714AC-4C49-447F-8DB2-D2252C829A3B}.Release|Any CPU.ActiveCfg = Release|Any CPU
		{78F714AC-4C49-447F-8DB2-D2252C829A3B}.Release|Any CPU.Build.0 = Release|Any CPU
		{78F714AC-4C49-447F-8DB2-D2252C829A3B}.Release|x64.ActiveCfg = Release|Any CPU
		{78F714AC-4C49-447F-8DB2-D2252C829A3B}.Release|x64.Build.0 = Release|Any CPU
		{78F714AC-4C49-447F-8DB2-D2252C829A3B}.Release|x86.ActiveCfg = Release|Any CPU
		{78F714AC-4C49-447F-8DB2-D2252C829A3B}.Release|x86.Build.0 = Release|Any CPU
		{CD272128-14E2-4448-8E03-FE97C4BD61A4}.Debug|Any CPU.ActiveCfg = Debug|Any CPU
		{CD272128-14E2-4448-8E03-FE97C4BD61A4}.Debug|Any CPU.Build.0 = Debug|Any CPU
		{CD272128-14E2-4448-8E03-FE97C4BD61A4}.Debug|x64.ActiveCfg = Debug|Any CPU
		{CD272128-14E2-4448-8E03-FE97C4BD61A4}.Debug|x64.Build.0 = Debug|Any CPU
		{CD272128-14E2-4448-8E03-FE97C4BD61A4}.Debug|x86.ActiveCfg = Debug|Any CPU
		{CD272128-14E2-4448-8E03-FE97C4BD61A4}.Debug|x86.Build.0 = Debug|Any CPU
		{CD272128-14E2-4448-8E03-FE97C4BD61A4}.Release|Any CPU.ActiveCfg = Release|Any CPU
		{CD272128-14E2-4448-8E03-FE97C4BD61A4}.Release|Any CPU.Build.0 = Release|Any CPU
		{CD272128-14E2-4448-8E03-FE97C4BD61A4}.Release|x64.ActiveCfg = Release|Any CPU
		{CD272128-14E2-4448-8E03-FE97C4BD61A4}.Release|x64.Build.0 = Release|Any CPU
		{CD272128-14E2-4448-8E03-FE97C4BD61A4}.Release|x86.ActiveCfg = Release|Any CPU
		{CD272128-14E2-4448-8E03-FE97C4BD61A4}.Release|x86.Build.0 = Release|Any CPU
		{AF2F9030-9F9C-4697-A6E1-285892A770DD}.Debug|Any CPU.ActiveCfg = Debug|Any CPU
		{AF2F9030-9F9C-4697-A6E1-285892A770DD}.Debug|Any CPU.Build.0 = Debug|Any CPU
		{AF2F9030-9F9C-4697-A6E1-285892A770DD}.Debug|x64.ActiveCfg = Debug|Any CPU
		{AF2F9030-9F9C-4697-A6E1-285892A770DD}.Debug|x64.Build.0 = Debug|Any CPU
		{AF2F9030-9F9C-4697-A6E1-285892A770DD}.Debug|x86.ActiveCfg = Debug|Any CPU
		{AF2F9030-9F9C-4697-A6E1-285892A770DD}.Debug|x86.Build.0 = Debug|Any CPU
		{AF2F9030-9F9C-4697-A6E1-285892A770DD}.Release|Any CPU.ActiveCfg = Release|Any CPU
		{AF2F9030-9F9C-4697-A6E1-285892A770DD}.Release|Any CPU.Build.0 = Release|Any CPU
		{AF2F9030-9F9C-4697-A6E1-285892A770DD}.Release|x64.ActiveCfg = Release|Any CPU
		{AF2F9030-9F9C-4697-A6E1-285892A770DD}.Release|x64.Build.0 = Release|Any CPU
		{AF2F9030-9F9C-4697-A6E1-285892A770DD}.Release|x86.ActiveCfg = Release|Any CPU
		{AF2F9030-9F9C-4697-A6E1-285892A770DD}.Release|x86.Build.0 = Release|Any CPU
		{A1B2C3D4-E5F6-47A8-B9C0-D1E2F3A4B5C6}.Debug|Any CPU.ActiveCfg = Debug|Any CPU
		{A1B2C3D4-E5F6-47A8-B9C0-D1E2F3A4B5C6}.Debug|Any CPU.Build.0 = Debug|Any CPU
		{A1B2C3D4-E5F6-47A8-B9C0-D1E2F3A4B5C6}.Debug|x64.ActiveCfg = Debug|Any CPU
		{A1B2C3D4-E5F6-47A8-B9C0-D1E2F3A4B5C6}.Debug|x64.Build.0 = Debug|Any CPU
		{A1B2C3D4-E5F6-47A8-B9C0-D1E2F3A4B5C6}.Debug|x86.ActiveCfg = Debug|Any CPU
		{A1B2C3D4-E5F6-47A8-B9C0-D1E2F3A4B5C6}.Debug|x86.Build.0 = Debug|Any CPU
		{A1B2C3D4-E5F6-47A8-B9C0-D1E2F3A4B5C6}.Release|Any CPU.ActiveCfg = Release|Any CPU
		{A1B2C3D4-E5F6-47A8-B9C0-D1E2F3A4B5C6}.Release|Any CPU.Build.0 = Release|Any CPU
		{A1B2C3D4-E5F6-47A8-B9C0-D1E2F3A4B5C6}.Release|x64.ActiveCfg = Release|Any CPU
		{A1B2C3D4-E5F6-47A8-B9C0-D1E2F3A4B5C6}.Release|x64.Build.0 = Release|Any CPU
		{A1B2C3D4-E5F6-47A8-B9C0-D1E2F3A4B5C6}.Release|x86.ActiveCfg = Release|Any CPU
		{A1B2C3D4-E5F6-47A8-B9C0-D1E2F3A4B5C6}.Release|x86.Build.0 = Release|Any CPU
		{B2C3D4E5-F6A7-48B9-C0D1-E2F3A4B5C6D7}.Debug|Any CPU.ActiveCfg = Debug|Any CPU
		{B2C3D4E5-F6A7-48B9-C0D1-E2F3A4B5C6D7}.Debug|Any CPU.Build.0 = Debug|Any CPU
		{B2C3D4E5-F6A7-48B9-C0D1-E2F3A4B5C6D7}.Debug|x64.ActiveCfg = Debug|Any CPU
		{B2C3D4E5-F6A7-48B9-C0D1-E2F3A4B5C6D7}.Debug|x64.Build.0 = Debug|Any CPU
		{B2C3D4E5-F6A7-48B9-C0D1-E2F3A4B5C6D7}.Debug|x86.ActiveCfg = Debug|Any CPU
		{B2C3D4E5-F6A7-48B9-C0D1-E2F3A4B5C6D7}.Debug|x86.Build.0 = Debug|Any CPU
		{B2C3D4E5-F6A7-48B9-C0D1-E2F3A4B5C6D7}.Release|Any CPU.ActiveCfg = Release|Any CPU
		{B2C3D4E5-F6A7-48B9-C0D1-E2F3A4B5C6D7}.Release|Any CPU.Build.0 = Release|Any CPU
		{B2C3D4E5-F6A7-48B9-C0D1-E2F3A4B5C6D7}.Release|x64.ActiveCfg = Release|Any CPU
		{B2C3D4E5-F6A7-48B9-C0D1-E2F3A4B5C6D7}.Release|x64.Build.0 = Release|Any CPU
		{B2C3D4E5-F6A7-48B9-C0D1-E2F3A4B5C6D7}.Release|x86.ActiveCfg = Release|Any CPU
		{B2C3D4E5-F6A7-48B9-C0D1-E2F3A4B5C6D7}.Release|x86.Build.0 = Release|Any CPU
		{C3D4E5F6-A7B8-49C0-D1E2-F3A4B5C6D7E8}.Debug|Any CPU.ActiveCfg = Debug|Any CPU
		{C3D4E5F6-A7B8-49C0-D1E2-F3A4B5C6D7E8}.Debug|Any CPU.Build.0 = Debug|Any CPU
		{C3D4E5F6-A7B8-49C0-D1E2-F3A4B5C6D7E8}.Debug|x64.ActiveCfg = Debug|Any CPU
		{C3D4E5F6-A7B8-49C0-D1E2-F3A4B5C6D7E8}.Debug|x64.Build.0 = Debug|Any CPU
		{C3D4E5F6-A7B8-49C0-D1E2-F3A4B5C6D7E8}.Debug|x86.ActiveCfg = Debug|Any CPU
		{C3D4E5F6-A7B8-49C0-D1E2-F3A4B5C6D7E8}.Debug|x86.Build.0 = Debug|Any CPU
		{C3D4E5F6-A7B8-49C0-D1E2-F3A4B5C6D7E8}.Release|Any CPU.ActiveCfg = Release|Any CPU
		{C3D4E5F6-A7B8-49C0-D1E2-F3A4B5C6D7E8}.Release|Any CPU.Build.0 = Release|Any CPU
		{C3D4E5F6-A7B8-49C0-D1E2-F3A4B5C6D7E8}.Release|x64.ActiveCfg = Release|Any CPU
		{C3D4E5F6-A7B8-49C0-D1E2-F3A4B5C6D7E8}.Release|x64.Build.0 = Release|Any CPU
		{C3D4E5F6-A7B8-49C0-D1E2-F3A4B5C6D7E8}.Release|x86.ActiveCfg = Release|Any CPU
		{C3D4E5F6-A7B8-49C0-D1E2-F3A4B5C6D7E8}.Release|x86.Build.0 = Release|Any CPU
		{9A05EFF8-554F-4836-962A-16D4AE437102}.Debug|Any CPU.ActiveCfg = Debug|Any CPU
		{9A05EFF8-554F-4836-962A-16D4AE437102}.Debug|Any CPU.Build.0 = Debug|Any CPU
		{9A05EFF8-554F-4836-962A-16D4AE437102}.Debug|x64.ActiveCfg = Debug|Any CPU
		{9A05EFF8-554F-4836-962A-16D4AE437102}.Debug|x64.Build.0 = Debug|Any CPU
		{9A05EFF8-554F-4836-962A-16D4AE437102}.Debug|x86.ActiveCfg = Debug|Any CPU
		{9A05EFF8-554F-4836-962A-16D4AE437102}.Debug|x86.Build.0 = Debug|Any CPU
		{9A05EFF8-554F-4836-962A-16D4AE437102}.Release|Any CPU.ActiveCfg = Release|Any CPU
		{9A05EFF8-554F-4836-962A-16D4AE437102}.Release|Any CPU.Build.0 = Release|Any CPU
		{9A05EFF8-554F-4836-962A-16D4AE437102}.Release|x64.ActiveCfg = Release|Any CPU
		{9A05EFF8-554F-4836-962A-16D4AE437102}.Release|x64.Build.0 = Release|Any CPU
		{9A05EFF8-554F-4836-962A-16D4AE437102}.Release|x86.ActiveCfg = Release|Any CPU
		{9A05EFF8-554F-4836-962A-16D4AE437102}.Release|x86.Build.0 = Release|Any CPU
		{B35BE45E-1307-447E-AB26-99CF4151DEC9}.Debug|Any CPU.ActiveCfg = Debug|Any CPU
		{B35BE45E-1307-447E-AB26-99CF4151DEC9}.Debug|Any CPU.Build.0 = Debug|Any CPU
		{B35BE45E-1307-447E-AB26-99CF4151DEC9}.Debug|x64.ActiveCfg = Debug|Any CPU
		{B35BE45E-1307-447E-AB26-99CF4151DEC9}.Debug|x64.Build.0 = Debug|Any CPU
		{B35BE45E-1307-447E-AB26-99CF4151DEC9}.Debug|x86.ActiveCfg = Debug|Any CPU
		{B35BE45E-1307-447E-AB26-99CF4151DEC9}.Debug|x86.Build.0 = Debug|Any CPU
		{B35BE45E-1307-447E-AB26-99CF4151DEC9}.Release|Any CPU.ActiveCfg = Release|Any CPU
		{B35BE45E-1307-447E-AB26-99CF4151DEC9}.Release|Any CPU.Build.0 = Release|Any CPU
		{B35BE45E-1307-447E-AB26-99CF4151DEC9}.Release|x64.ActiveCfg = Release|Any CPU
		{B35BE45E-1307-447E-AB26-99CF4151DEC9}.Release|x64.Build.0 = Release|Any CPU
		{B35BE45E-1307-447E-AB26-99CF4151DEC9}.Release|x86.ActiveCfg = Release|Any CPU
		{B35BE45E-1307-447E-AB26-99CF4151DEC9}.Release|x86.Build.0 = Release|Any CPU
		{7DF910E4-3922-4A14-B581-393D726E1BEC}.Debug|Any CPU.ActiveCfg = Debug|Any CPU
		{7DF910E4-3922-4A14-B581-393D726E1BEC}.Debug|Any CPU.Build.0 = Debug|Any CPU
		{7DF910E4-3922-4A14-B581-393D726E1BEC}.Debug|x64.ActiveCfg = Debug|Any CPU
		{7DF910E4-3922-4A14-B581-393D726E1BEC}.Debug|x64.Build.0 = Debug|Any CPU
		{7DF910E4-3922-4A14-B581-393D726E1BEC}.Debug|x86.ActiveCfg = Debug|Any CPU
		{7DF910E4-3922-4A14-B581-393D726E1BEC}.Debug|x86.Build.0 = Debug|Any CPU
		{7DF910E4-3922-4A14-B581-393D726E1BEC}.Release|Any CPU.ActiveCfg = Release|Any CPU
		{7DF910E4-3922-4A14-B581-393D726E1BEC}.Release|Any CPU.Build.0 = Release|Any CPU
		{7DF910E4-3922-4A14-B581-393D726E1BEC}.Release|x64.ActiveCfg = Release|Any CPU
		{7DF910E4-3922-4A14-B581-393D726E1BEC}.Release|x64.Build.0 = Release|Any CPU
		{7DF910E4-3922-4A14-B581-393D726E1BEC}.Release|x86.ActiveCfg = Release|Any CPU
		{7DF910E4-3922-4A14-B581-393D726E1BEC}.Release|x86.Build.0 = Release|Any CPU
		{317B6001-524C-4B7E-AB6E-27C4FCF48F70}.Debug|Any CPU.ActiveCfg = Debug|Any CPU
		{317B6001-524C-4B7E-AB6E-27C4FCF48F70}.Debug|Any CPU.Build.0 = Debug|Any CPU
		{317B6001-524C-4B7E-AB6E-27C4FCF48F70}.Debug|x64.ActiveCfg = Debug|Any CPU
		{317B6001-524C-4B7E-AB6E-27C4FCF48F70}.Debug|x64.Build.0 = Debug|Any CPU
		{317B6001-524C-4B7E-AB6E-27C4FCF48F70}.Debug|x86.ActiveCfg = Debug|Any CPU
		{317B6001-524C-4B7E-AB6E-27C4FCF48F70}.Debug|x86.Build.0 = Debug|Any CPU
		{317B6001-524C-4B7E-AB6E-27C4FCF48F70}.Release|Any CPU.ActiveCfg = Release|Any CPU
		{317B6001-524C-4B7E-AB6E-27C4FCF48F70}.Release|Any CPU.Build.0 = Release|Any CPU
		{317B6001-524C-4B7E-AB6E-27C4FCF48F70}.Release|x64.ActiveCfg = Release|Any CPU
		{317B6001-524C-4B7E-AB6E-27C4FCF48F70}.Release|x64.Build.0 = Release|Any CPU
		{317B6001-524C-4B7E-AB6E-27C4FCF48F70}.Release|x86.ActiveCfg = Release|Any CPU
		{317B6001-524C-4B7E-AB6E-27C4FCF48F70}.Release|x86.Build.0 = Release|Any CPU
		{C4612578-5324-41EF-940D-03F0492B16FC}.Debug|Any CPU.ActiveCfg = Debug|Any CPU
		{C4612578-5324-41EF-940D-03F0492B16FC}.Debug|Any CPU.Build.0 = Debug|Any CPU
		{C4612578-5324-41EF-940D-03F0492B16FC}.Debug|x64.ActiveCfg = Debug|Any CPU
		{C4612578-5324-41EF-940D-03F0492B16FC}.Debug|x64.Build.0 = Debug|Any CPU
		{C4612578-5324-41EF-940D-03F0492B16FC}.Debug|x86.ActiveCfg = Debug|Any CPU
		{C4612578-5324-41EF-940D-03F0492B16FC}.Debug|x86.Build.0 = Debug|Any CPU
		{C4612578-5324-41EF-940D-03F0492B16FC}.Release|Any CPU.ActiveCfg = Release|Any CPU
		{C4612578-5324-41EF-940D-03F0492B16FC}.Release|Any CPU.Build.0 = Release|Any CPU
		{C4612578-5324-41EF-940D-03F0492B16FC}.Release|x64.ActiveCfg = Release|Any CPU
		{C4612578-5324-41EF-940D-03F0492B16FC}.Release|x64.Build.0 = Release|Any CPU
		{C4612578-5324-41EF-940D-03F0492B16FC}.Release|x86.ActiveCfg = Release|Any CPU
		{C4612578-5324-41EF-940D-03F0492B16FC}.Release|x86.Build.0 = Release|Any CPU
		{E00BE74F-2BDB-4623-AABF-FCB7FFB51EFD}.Debug|Any CPU.ActiveCfg = Debug|Any CPU
		{E00BE74F-2BDB-4623-AABF-FCB7FFB51EFD}.Debug|Any CPU.Build.0 = Debug|Any CPU
		{E00BE74F-2BDB-4623-AABF-FCB7FFB51EFD}.Debug|x64.ActiveCfg = Debug|Any CPU
		{E00BE74F-2BDB-4623-AABF-FCB7FFB51EFD}.Debug|x64.Build.0 = Debug|Any CPU
		{E00BE74F-2BDB-4623-AABF-FCB7FFB51EFD}.Debug|x86.ActiveCfg = Debug|Any CPU
		{E00BE74F-2BDB-4623-AABF-FCB7FFB51EFD}.Debug|x86.Build.0 = Debug|Any CPU
		{E00BE74F-2BDB-4623-AABF-FCB7FFB51EFD}.Release|Any CPU.ActiveCfg = Release|Any CPU
		{E00BE74F-2BDB-4623-AABF-FCB7FFB51EFD}.Release|Any CPU.Build.0 = Release|Any CPU
		{E00BE74F-2BDB-4623-AABF-FCB7FFB51EFD}.Release|x64.ActiveCfg = Release|Any CPU
		{E00BE74F-2BDB-4623-AABF-FCB7FFB51EFD}.Release|x64.Build.0 = Release|Any CPU
		{E00BE74F-2BDB-4623-AABF-FCB7FFB51EFD}.Release|x86.ActiveCfg = Release|Any CPU
		{E00BE74F-2BDB-4623-AABF-FCB7FFB51EFD}.Release|x86.Build.0 = Release|Any CPU
		{E4FB011C-9820-4AE1-A6C0-D25858084C7C}.Debug|Any CPU.ActiveCfg = Debug|Any CPU
		{E4FB011C-9820-4AE1-A6C0-D25858084C7C}.Debug|Any CPU.Build.0 = Debug|Any CPU
		{E4FB011C-9820-4AE1-A6C0-D25858084C7C}.Debug|x64.ActiveCfg = Debug|Any CPU
		{E4FB011C-9820-4AE1-A6C0-D25858084C7C}.Debug|x64.Build.0 = Debug|Any CPU
		{E4FB011C-9820-4AE1-A6C0-D25858084C7C}.Debug|x86.ActiveCfg = Debug|Any CPU
		{E4FB011C-9820-4AE1-A6C0-D25858084C7C}.Debug|x86.Build.0 = Debug|Any CPU
		{E4FB011C-9820-4AE1-A6C0-D25858084C7C}.Release|Any CPU.ActiveCfg = Release|Any CPU
		{E4FB011C-9820-4AE1-A6C0-D25858084C7C}.Release|Any CPU.Build.0 = Release|Any CPU
		{E4FB011C-9820-4AE1-A6C0-D25858084C7C}.Release|x64.ActiveCfg = Release|Any CPU
		{E4FB011C-9820-4AE1-A6C0-D25858084C7C}.Release|x64.Build.0 = Release|Any CPU
		{E4FB011C-9820-4AE1-A6C0-D25858084C7C}.Release|x86.ActiveCfg = Release|Any CPU
		{E4FB011C-9820-4AE1-A6C0-D25858084C7C}.Release|x86.Build.0 = Release|Any CPU
		{4E760662-666C-4040-8651-5F0136055577}.Debug|Any CPU.ActiveCfg = Debug|Any CPU
		{4E760662-666C-4040-8651-5F0136055577}.Debug|Any CPU.Build.0 = Debug|Any CPU
		{4E760662-666C-4040-8651-5F0136055577}.Debug|x64.ActiveCfg = Debug|Any CPU
		{4E760662-666C-4040-8651-5F0136055577}.Debug|x64.Build.0 = Debug|Any CPU
		{4E760662-666C-4040-8651-5F0136055577}.Debug|x86.ActiveCfg = Debug|Any CPU
		{4E760662-666C-4040-8651-5F0136055577}.Debug|x86.Build.0 = Debug|Any CPU
		{4E760662-666C-4040-8651-5F0136055577}.Release|Any CPU.ActiveCfg = Release|Any CPU
		{4E760662-666C-4040-8651-5F0136055577}.Release|Any CPU.Build.0 = Release|Any CPU
		{4E760662-666C-4040-8651-5F0136055577}.Release|x64.ActiveCfg = Release|Any CPU
		{4E760662-666C-4040-8651-5F0136055577}.Release|x64.Build.0 = Release|Any CPU
		{4E760662-666C-4040-8651-5F0136055577}.Release|x86.ActiveCfg = Release|Any CPU
		{4E760662-666C-4040-8651-5F0136055577}.Release|x86.Build.0 = Release|Any CPU
		{472907FD-9D6A-478C-AA7C-4F3E03FC2003}.Debug|Any CPU.ActiveCfg = Debug|Any CPU
		{472907FD-9D6A-478C-AA7C-4F3E03FC2003}.Debug|Any CPU.Build.0 = Debug|Any CPU
		{472907FD-9D6A-478C-AA7C-4F3E03FC2003}.Debug|x64.ActiveCfg = Debug|Any CPU
		{472907FD-9D6A-478C-AA7C-4F3E03FC2003}.Debug|x64.Build.0 = Debug|Any CPU
		{472907FD-9D6A-478C-AA7C-4F3E03FC2003}.Debug|x86.ActiveCfg = Debug|Any CPU
		{472907FD-9D6A-478C-AA7C-4F3E03FC2003}.Debug|x86.Build.0 = Debug|Any CPU
		{472907FD-9D6A-478C-AA7C-4F3E03FC2003}.Release|Any CPU.ActiveCfg = Release|Any CPU
		{472907FD-9D6A-478C-AA7C-4F3E03FC2003}.Release|Any CPU.Build.0 = Release|Any CPU
		{472907FD-9D6A-478C-AA7C-4F3E03FC2003}.Release|x64.ActiveCfg = Release|Any CPU
		{472907FD-9D6A-478C-AA7C-4F3E03FC2003}.Release|x64.Build.0 = Release|Any CPU
		{472907FD-9D6A-478C-AA7C-4F3E03FC2003}.Release|x86.ActiveCfg = Release|Any CPU
		{472907FD-9D6A-478C-AA7C-4F3E03FC2003}.Release|x86.Build.0 = Release|Any CPU
	EndGlobalSection
	GlobalSection(SolutionProperties) = preSolution
		HideSolutionNode = FALSE
	EndGlobalSection
	GlobalSection(NestedProjects) = preSolution
		{EC447DCF-ABFA-6E24-52A5-D7FD48A5C558} = {827E0CD3-B72D-47B6-A68D-7590B98EB39B}
		{DE9DAF8A-E684-0FD3-FFDC-40D3E3158533} = {EC447DCF-ABFA-6E24-52A5-D7FD48A5C558}
		{8397FBE7-0207-9735-8802-744B88143CC1} = {DE9DAF8A-E684-0FD3-FFDC-40D3E3158533}
		{C4612578-5324-41EF-940D-03F0492B16FC} = {8397FBE7-0207-9735-8802-744B88143CC1}
		{90298CBA-BD6F-3A0A-69D5-97CAD7B05E7E} = {827E0CD3-B72D-47B6-A68D-7590B98EB39B}
		{9E2A1AC7-D787-4F45-679D-00F70A4259B3} = {DE9DAF8A-E684-0FD3-FFDC-40D3E3158533}
		{E00BE74F-2BDB-4623-AABF-FCB7FFB51EFD} = {9E2A1AC7-D787-4F45-679D-00F70A4259B3}
		{D2CAED6B-FC59-4178-6320-5EDC21A9F743} = {EC447DCF-ABFA-6E24-52A5-D7FD48A5C558}
		{38A6A4C6-2370-5D44-2D4D-0AFAA6F329F3} = {D2CAED6B-FC59-4178-6320-5EDC21A9F743}
		{18C073E0-6CB1-4693-3636-BFEE619A6192} = {EC447DCF-ABFA-6E24-52A5-D7FD48A5C558}
		{F77E670E-0F23-3CE4-6F9C-951200B09EE2} = {18C073E0-6CB1-4693-3636-BFEE619A6192}
		{25FA347C-8B42-8C5C-C21A-3C9818DBE1DD} = {EC447DCF-ABFA-6E24-52A5-D7FD48A5C558}
		{B2150438-CD2E-E86E-650A-F3C13C67A556} = {25FA347C-8B42-8C5C-C21A-3C9818DBE1DD}
		{7AD5252A-36DB-2D73-68F8-483A9FC97FCA} = {EC447DCF-ABFA-6E24-52A5-D7FD48A5C558}
		{E18570CB-5FB8-EED9-B9C3-FC73FEB8331A} = {7AD5252A-36DB-2D73-68F8-483A9FC97FCA}
		{97E774AF-5F9C-8497-F92B-11F6DC396185} = {EC447DCF-ABFA-6E24-52A5-D7FD48A5C558}
		{BCF7509B-CED9-AEBE-D284-7040BE374354} = {97E774AF-5F9C-8497-F92B-11F6DC396185}
		{738763F7-68AC-12DE-A386-1ED9BDE12CF2} = {EC447DCF-ABFA-6E24-52A5-D7FD48A5C558}
		{82F8AE05-84FA-36D2-1E29-F42AA3432ECD} = {738763F7-68AC-12DE-A386-1ED9BDE12CF2}
		{F19B31FD-8AD8-4C0B-1E4F-E38335CB5818} = {EC447DCF-ABFA-6E24-52A5-D7FD48A5C558}
		{209C1B65-E969-2173-8A97-941B9918DC0E} = {F19B31FD-8AD8-4C0B-1E4F-E38335CB5818}
		{0587C5BB-3015-204D-19B6-EB01E03E48B6} = {EC447DCF-ABFA-6E24-52A5-D7FD48A5C558}
		{EEA991F1-15A0-334C-6B12-CDE71164678C} = {0587C5BB-3015-204D-19B6-EB01E03E48B6}
		{E4FB011C-9820-4AE1-A6C0-D25858084C7C} = {EEA991F1-15A0-334C-6B12-CDE71164678C}
		{53CE9FA1-F346-C5D4-9788-98A7F051F026} = {0587C5BB-3015-204D-19B6-EB01E03E48B6}
		{4E760662-666C-4040-8651-5F0136055577} = {53CE9FA1-F346-C5D4-9788-98A7F051F026}
		{DD23DE8B-14E5-FAE5-526B-06C10D66314B} = {DE9DAF8A-E684-0FD3-FFDC-40D3E3158533}
		{472907FD-9D6A-478C-AA7C-4F3E03FC2003} = {DD23DE8B-14E5-FAE5-526B-06C10D66314B}
		{C1A2B3D4-E5F6-4A1B-8C2D-3E4F5A6B7C8D} = {EC447DCF-ABFA-6E24-52A5-D7FD48A5C558}
		{D2B3C4E5-F6A7-4B2C-9D3E-4F5A6B7C8D9E} = {EC447DCF-ABFA-6E24-52A5-D7FD48A5C558}
		{E3C4D5F6-A7B8-4C3D-0E4F-5A6B7C8D9E0F} = {EC447DCF-ABFA-6E24-52A5-D7FD48A5C558}
	EndGlobalSection
EndGlobal
